{
  "name": "server-smtp",
  "version": "1.0.0",
  "lockfileVersion": 3,
  "requires": true,
  "packages": {
    "": {
      "name": "server-smtp",
      "version": "1.0.0",
      "license": "ISC",
      "dependencies": {
        "smtp-server": "^3.13.0"
      }
    },
    "node_modules/base32.js": {
      "version": "0.1.0",
      "resolved": "https://registry.npmjs.org/base32.js/-/base32.js-0.1.0.tgz",
      "integrity": "sha512-n3TkB02ixgBOhTvANakDb4xaMXnYUVkNoRFJjQflcqMQhyEKxEHdj3E6N8t8sUQ0mjH/3/JxzlXuz3ul/J90pQ==",
      "engines": {
        "node": ">=0.12.0"
      }
    },
    "node_modules/ipv6-normalize": {
      "version": "1.0.1",
      "resolved": "https://registry.npmjs.org/ipv6-normalize/-/ipv6-normalize-1.0.1.tgz",
      "integrity": "sha512-Bm6H79i01DjgGTCWjUuCjJ6QDo1HB96PT/xCYuyJUP9WFbVDrLSbG4EZCvOCun2rNswZb0c3e4Jt/ws795esHA=="
    },
    "node_modules/nodemailer": {
      "version": "6.9.4",
      "resolved": "https://registry.npmjs.org/nodemailer/-/nodemailer-6.9.4.tgz",
      "integrity": "sha512-CXjQvrQZV4+6X5wP6ZIgdehJamI63MFoYFGGPtHudWym9qaEHDNdPzaj5bfMCvxG1vhAileSWW90q7nL0N36mA==",
      "engines": {
        "node": ">=6.0.0"
      }
    },
    "node_modules/smtp-server": {
      "version": "3.13.0",
      "resolved": "https://registry.npmjs.org/smtp-server/-/smtp-server-3.13.0.tgz",
      "integrity": "sha512-thVFqpwrHIJ25rXjXA6RYFUO35el2O+X7WJ006qMVAyFs5Ss6XGPJASg7Fh1QvT28ADIv9hGGXmgR+kaSEikwQ==",
      "dependencies": {
        "base32.js": "0.1.0",
        "ipv6-normalize": "1.0.1",
        "nodemailer": "6.9.4"
      },
      "engines": {
        "node": ">=12.0.0"
      }
    }
  }
}
